
Microsoft Visual Studio Solution File, Format Version 12.00
# Visual Studio Version 16
VisualStudioVersion = 16.0.30804.86
MinimumVisualStudioVersion = 10.0.40219.1
Project("{FAE04EC0-301F-11D3-BF4B-00C04F79EFBC}") = "The Ancestors", "The Ancestors.csproj", "{0F6C5E5C-50F8-4066-AB96-0F7E7385E1A6}"
EndProject
Global
	GlobalSection(SolutionConfigurationPlatforms) = preSolution
		Debug|Any CPU = Debug|Any CPU
		Release|Any CPU = Release|Any CPU
	EndGlobalSection
	GlobalSection(ProjectConfigurationPlatforms) = postSolution
		{0F6C5E5C-50F8-4066-AB96-0F7E7385E1A6}.Debug|Any CPU.ActiveCfg = Debug|Any CPU
		{0F6C5E5C-50F8-4066-AB96-0F7E7385E1A6}.Debug|Any CPU.Build.0 = Debug|Any CPU
		{0F6C5E5C-50F8-4066-AB96-0F7E7385E1A6}.Release|Any CPU.ActiveCfg = Release|Any CPU
		{0F6C5E5C-50F8-4066-AB96-0F7E7385E1A6}.Release|Any CPU.Build.0 = Release|Any CPU
	EndGlobalSection
	GlobalSection(SolutionProperties) = preSolution
		HideSolutionNode = FALSE
	EndGlobalSection
	GlobalSection(ExtensibilityGlobals) = postSolution
		SolutionGuid = {FCB14CEA-20A0-434A-9E0F-C7C07B356F88}
	EndGlobalSection
EndGlobal
